
Microsoft Visual Studio Solution File, Format Version 12.00
# Visual Studio Version 16
VisualStudioVersion = 16.0.29230.47
MinimumVisualStudioVersion = 10.0.40219.1
Project("{FAE04EC0-301F-11D3-BF4B-00C04F79EFBC}") = "Assignment1_F19", "Assignment1_F19.csproj", "{1B3891AE-A92E-4A34-80F9-F1E934A01D66}"
EndProject
Global
	GlobalSection(SolutionConfigurationPlatforms) = preSolution
		Debug|Any CPU = Debug|Any CPU
		Release|Any CPU = Release|Any CPU
	EndGlobalSection
	GlobalSection(ProjectConfigurationPlatforms) = postSolution
		{1B3891AE-A92E-4A34-80F9-F1E934A01D66}.Debug|Any CPU.ActiveCfg = Debug|Any CPU
		{1B3891AE-A92E-4A34-80F9-F1E934A01D66}.Debug|Any CPU.Build.0 = Debug|Any CPU
		{1B3891AE-A92E-4A34-80F9-F1E934A01D66}.Release|Any CPU.ActiveCfg = Release|Any CPU
		{1B3891AE-A92E-4A34-80F9-F1E934A01D66}.Release|Any CPU.Build.0 = Release|Any CPU
	EndGlobalSection
	GlobalSection(SolutionProperties) = preSolution
		HideSolutionNode = FALSE
	EndGlobalSection
	GlobalSection(ExtensibilityGlobals) = postSolution
		SolutionGuid = {E6907826-A901-4454-AD79-1B076FE94B8C}
	EndGlobalSection
EndGlobal
